PODS:
  - AFNetworking (2.5.4):
    - AFNetworking/NSURLConnection (= 2.5.4)
    - AFNetworking/NSURLSession (= 2.5.4)
    - AFNetworking/Reachability (= 2.5.4)
    - AFNetworking/Security (= 2.5.4)
    - AFNetworking/Serialization (= 2.5.4)
    - AFNetworking/UIKit (= 2.5.4)
  - AFNetworking-Synchronous (0.3.1):
    - AFNetworking-Synchronous/2.x (= 0.3.1)
  - AFNetworking-Synchronous/2.x (0.3.1):
    - AFNetworking (~> 2.0)
  - AFNetworking/NSURLConnection (2.5.4):
    - AFNetworking/Reachability
    - AFNetworking/Security
    - AFNetworking/Serialization
  - AFNetworking/NSURLSession (2.5.4):
    - AFNetworking/Reachability
    - AFNetworking/Security
    - AFNetworking/Serialization
  - AFNetworking/Reachability (2.5.4)
  - AFNetworking/Security (2.5.4)
  - AFNetworking/Serialization (2.5.4)
  - AFNetworking/UIKit (2.5.4):
    - AFNetworking/NSURLConnection
    - AFNetworking/NSURLSession
  - BaiduMap-iOS-SDK (2.10.2)
  - Base64nl (1.2)
  - Bugly (2.2.3)
  - DWTagList (0.0.7)
  - GONMarkupParser (0.6.8):
    - NSString+Color
  - IQKeyboardManager (4.0.3)
  - MagicalRecord (2.3.2):
    - MagicalRecord/Core (= 2.3.2)
  - MagicalRecord/Core (2.3.2)
  - Mantle (2.0.7):
    - Mantle/extobjc (= 2.0.7)
  - Mantle/extobjc (2.0.7)
  - Masonry (1.0.0)
  - MBProgressHUD (0.9.2)
  - MJExtension (3.0.10)
  - MJRefresh (2.2.1)
  - NSString+Color (1.1.3)
  - RATreeView (1.0.4)
  - SDWebImage (3.7.6):
    - SDWebImage/Core (= 3.7.6)
  - SDWebImage/Core (3.7.6)
  - WMPageController (1.4.9)

DEPENDENCIES:
  - AFNetworking (~> 2.5.4)
  - AFNetworking-Synchronous (~> 0.3.1)
  - BaiduMap-iOS-SDK (~> 2.10.2)
  - Base64nl (~> 1.2)
  - Bugly
  - DWTagList (~> 0.0.7)
  - GONMarkupParser (~> 0.6.5)
  - IQKeyboardManager (~> 4.0.2)
  - MagicalRecord
  - Mantle (~> 2.0.2)
  - Masonry
  - MBProgressHUD (~> 0.9.1)
  - MJExtension (~> 3.0.10)
  - MJRefresh (~> 2.2.1)
  - RATreeView (~> 1.0.3)
  - SDWebImage (~> 3.7.3)
  - WMPageController (~> 1.4.8)

SPEC CHECKSUMS:
  AFNetworking: 05edc0ac4c4c8cf57bcf4b84be5b0744b6d8e71e
  AFNetworking-Synchronous: 29531ad341ec465a4ff9b66dea9cf7272080e12e
  BaiduMap-iOS-SDK: 970d9c1c07c227d23fba9a9bd0e7567b2958d72c
  Base64nl: a497bdcd1c01ea793d36b399016195a8713c0e95
  Bugly: db578ea92b2a6b132cc19f79adf3bcd3b0fe6769
  DWTagList: cdf3607a7c37850a0c437d63c981f643dc5904bb
  GONMarkupParser: 08679f1f5d368ff027e527fdd352f544189d6eec
  IQKeyboardManager: be9695ffc5a52077deb4847608f338771022d6d1
  MagicalRecord: 53bed74b4323b930992a725be713e53b37d19755
  Mantle: bc40bb061d8c2c6fb48d5083e04d928c3b7f73d9
  Masonry: b529bb169217897b6354d4b56b1fada6d475b13d
  MBProgressHUD: 1569cf7ace17a8bac47aabfbb8580a49690386d1
  MJExtension: d86aacb740c87519d20e3cca55b6fa4be6cc7548
  MJRefresh: c3fa0387e8e97a11a9666639d2f815607edd1c2f
  NSString+Color: 08fbd0b4cda31fd8602a5030f6bf1cedfed98203
  RATreeView: 1236f106710195646c32dc0aa90feeaadf505a3b
  SDWebImage: c325cf02c30337336b95beff20a13df489ec0ec9
  WMPageController: f4830b6aed39f16196d4008f8d95c720cf6b1ace

COCOAPODS: 0.39.0
